
Microsoft Visual Studio Solution File, Format Version 12.00
# Visual Studio Version 17
VisualStudioVersion = 17.4.33103.184
MinimumVisualStudioVersion = 10.0.40219.1
Project("{FAE04EC0-301F-11D3-BF4B-00C04F79EFBC}") = "InstallmentPayment", "InstallmentPayment\InstallmentPayment.csproj", "{CEA2B35D-B72E-4D61-86A3-0F922A9A9DB8}"
EndProject
Global
	GlobalSection(SolutionConfigurationPlatforms) = preSolution
		Debug|Any CPU = Debug|Any CPU
		Release|Any CPU = Release|Any CPU
	EndGlobalSection
	GlobalSection(ProjectConfigurationPlatforms) = postSolution
		{CEA2B35D-B72E-4D61-86A3-0F922A9A9DB8}.Debug|Any CPU.ActiveCfg = Debug|Any CPU
		{CEA2B35D-B72E-4D61-86A3-0F922A9A9DB8}.Debug|Any CPU.Build.0 = Debug|Any CPU
		{CEA2B35D-B72E-4D61-86A3-0F922A9A9DB8}.Release|Any CPU.ActiveCfg = Release|Any CPU
		{CEA2B35D-B72E-4D61-86A3-0F922A9A9DB8}.Release|Any CPU.Build.0 = Release|Any CPU
	EndGlobalSection
	GlobalSection(SolutionProperties) = preSolution
		HideSolutionNode = FALSE
	EndGlobalSection
	GlobalSection(ExtensibilityGlobals) = postSolution
		SolutionGuid = {2555CC62-EB36-4529-919B-8CD22A117D0E}
	EndGlobalSection
EndGlobal
